
Microsoft Visual Studio Solution File, Format Version 12.00
# Visual Studio Version 17
VisualStudioVersion = 17.9.34902.65
MinimumVisualStudioVersion = 10.0.40219.1
Project("{FAE04EC0-301F-11D3-BF4B-00C04F79EFBC}") = "ParcelManagementSystem", "ParcelManagementSystem\ParcelManagementSystem.csproj", "{76ED3876-BE46-44D5-BBA4-015832082F5C}"
EndProject
Global
	GlobalSection(SolutionConfigurationPlatforms) = preSolution
		Debug|Any CPU = Debug|Any CPU
		Release|Any CPU = Release|Any CPU
	EndGlobalSection
	GlobalSection(ProjectConfigurationPlatforms) = postSolution
		{76ED3876-BE46-44D5-BBA4-015832082F5C}.Debug|Any CPU.ActiveCfg = Debug|Any CPU
		{76ED3876-BE46-44D5-BBA4-015832082F5C}.Debug|Any CPU.Build.0 = Debug|Any CPU
		{76ED3876-BE46-44D5-BBA4-015832082F5C}.Release|Any CPU.ActiveCfg = Release|Any CPU
		{76ED3876-BE46-44D5-BBA4-015832082F5C}.Release|Any CPU.Build.0 = Release|Any CPU
	EndGlobalSection
	GlobalSection(SolutionProperties) = preSolution
		HideSolutionNode = FALSE
	EndGlobalSection
	GlobalSection(ExtensibilityGlobals) = postSolution
		SolutionGuid = {66F65420-481B-447C-96CA-200FDB8A9C3F}
	EndGlobalSection
EndGlobal
